
Microsoft Visual Studio Solution File, Format Version 11.00
# Visual C# Express 2010
Project("{FAE04EC0-301F-11D3-BF4B-00C04F79EFBC}") = "GameBox", "GameBox\GameBox.csproj", "{6F8DA993-CF97-4A68-AD5D-D1751B62A7AC}"
EndProject
Project("{FAE04EC0-301F-11D3-BF4B-00C04F79EFBC}") = "Brocker", "Brocker\Brocker.csproj", "{FC4678F2-757F-4CF1-B9F4-D82E00F0A30E}"
EndProject
Global
	GlobalSection(SolutionConfigurationPlatforms) = preSolution
		Debug|Any CPU = Debug|Any CPU
		Debug|Mixed Platforms = Debug|Mixed Platforms
		Debug|x86 = Debug|x86
		Release|Any CPU = Release|Any CPU
		Release|Mixed Platforms = Release|Mixed Platforms
		Release|x86 = Release|x86
	EndGlobalSection
	GlobalSection(ProjectConfigurationPlatforms) = postSolution
		{6F8DA993-CF97-4A68-AD5D-D1751B62A7AC}.Debug|Any CPU.ActiveCfg = Debug|x86
		{6F8DA993-CF97-4A68-AD5D-D1751B62A7AC}.Debug|Mixed Platforms.ActiveCfg = Debug|x86
		{6F8DA993-CF97-4A68-AD5D-D1751B62A7AC}.Debug|Mixed Platforms.Build.0 = Debug|x86
		{6F8DA993-CF97-4A68-AD5D-D1751B62A7AC}.Debug|x86.ActiveCfg = Debug|x86
		{6F8DA993-CF97-4A68-AD5D-D1751B62A7AC}.Debug|x86.Build.0 = Debug|x86
		{6F8DA993-CF97-4A68-AD5D-D1751B62A7AC}.Release|Any CPU.ActiveCfg = Release|x86
		{6F8DA993-CF97-4A68-AD5D-D1751B62A7AC}.Release|Mixed Platforms.ActiveCfg = Release|x86
		{6F8DA993-CF97-4A68-AD5D-D1751B62A7AC}.Release|Mixed Platforms.Build.0 = Release|x86
		{6F8DA993-CF97-4A68-AD5D-D1751B62A7AC}.Release|x86.ActiveCfg = Release|x86
		{6F8DA993-CF97-4A68-AD5D-D1751B62A7AC}.Release|x86.Build.0 = Release|x86
		{FC4678F2-757F-4CF1-B9F4-D82E00F0A30E}.Debug|Any CPU.ActiveCfg = Debug|x86
		{FC4678F2-757F-4CF1-B9F4-D82E00F0A30E}.Debug|Mixed Platforms.ActiveCfg = Debug|x86
		{FC4678F2-757F-4CF1-B9F4-D82E00F0A30E}.Debug|Mixed Platforms.Build.0 = Debug|x86
		{FC4678F2-757F-4CF1-B9F4-D82E00F0A30E}.Debug|x86.ActiveCfg = Debug|x86
		{FC4678F2-757F-4CF1-B9F4-D82E00F0A30E}.Debug|x86.Build.0 = Debug|x86
		{FC4678F2-757F-4CF1-B9F4-D82E00F0A30E}.Release|Any CPU.ActiveCfg = Release|x86
		{FC4678F2-757F-4CF1-B9F4-D82E00F0A30E}.Release|Mixed Platforms.ActiveCfg = Release|x86
		{FC4678F2-757F-4CF1-B9F4-D82E00F0A30E}.Release|Mixed Platforms.Build.0 = Release|x86
		{FC4678F2-757F-4CF1-B9F4-D82E00F0A30E}.Release|x86.ActiveCfg = Release|x86
		{FC4678F2-757F-4CF1-B9F4-D82E00F0A30E}.Release|x86.Build.0 = Release|x86
	EndGlobalSection
	GlobalSection(SolutionProperties) = preSolution
		HideSolutionNode = FALSE
	EndGlobalSection
	GlobalSection(MonoDevelopProperties) = preSolution
		StartupItem = GameBox\GameBox.csproj
	EndGlobalSection
EndGlobal
