
Microsoft Visual Studio Solution File, Format Version 10.00
# Visual Studio 2008
Project("{FAE04EC0-301F-11D3-BF4B-00C04F79EFBC}") = "GameBox", "GameBox\GameBox.csproj", "{8687FFAF-4D1C-4F3E-AFBC-75595ADA3FAB}"
EndProject
Project("{FAE04EC0-301F-11D3-BF4B-00C04F79EFBC}") = "GaBoxOD", "GaBoxOD\GaBoxOD.csproj", "{1218F47F-0769-41F4-B464-9C4F63499D67}"
EndProject
Global
	GlobalSection(SolutionConfigurationPlatforms) = preSolution
		Debug|x86 = Debug|x86
		Release|x86 = Release|x86
	EndGlobalSection
	GlobalSection(ProjectConfigurationPlatforms) = postSolution
		{1218F47F-0769-41F4-B464-9C4F63499D67}.Debug|x86.ActiveCfg = Debug|Any CPU
		{1218F47F-0769-41F4-B464-9C4F63499D67}.Debug|x86.Build.0 = Debug|Any CPU
		{1218F47F-0769-41F4-B464-9C4F63499D67}.Release|x86.ActiveCfg = Release|Any CPU
		{1218F47F-0769-41F4-B464-9C4F63499D67}.Release|x86.Build.0 = Release|Any CPU
		{8687FFAF-4D1C-4F3E-AFBC-75595ADA3FAB}.Debug|x86.ActiveCfg = Debug|x86
		{8687FFAF-4D1C-4F3E-AFBC-75595ADA3FAB}.Debug|x86.Build.0 = Debug|x86
		{8687FFAF-4D1C-4F3E-AFBC-75595ADA3FAB}.Release|x86.ActiveCfg = Release|x86
		{8687FFAF-4D1C-4F3E-AFBC-75595ADA3FAB}.Release|x86.Build.0 = Release|x86
	EndGlobalSection
	GlobalSection(MonoDevelopProperties) = preSolution
		StartupItem = GameBox\GameBox.csproj
	EndGlobalSection
EndGlobal
